
Microsoft Visual Studio Solution File, Format Version 12.00
# Visual Studio Version 17
VisualStudioVersion = 17.8.34330.188
MinimumVisualStudioVersion = 10.0.40219.1
Project("{9A19103F-16F7-4668-BE54-9A1E7A4F7556}") = "FHIRAPI", "FHIRAPI\FHIRAPI.csproj", "{7639087A-3CDF-5138-BF19-6AB3C056D526}"
EndProject
Project("{9A19103F-16F7-4668-BE54-9A1E7A4F7556}") = "MockEhr.Api", "MockEhr.Api\MockEhr.Api.csproj", "{F02B3FAD-2ACD-54E6-BF73-97FEEE919324}"
EndProject
Global
	GlobalSection(SolutionConfigurationPlatforms) = preSolution
		Debug|Any CPU = Debug|Any CPU
		Release|Any CPU = Release|Any CPU
	EndGlobalSection
	GlobalSection(ProjectConfigurationPlatforms) = postSolution
		{7639087A-3CDF-5138-BF19-6AB3C056D526}.Debug|Any CPU.ActiveCfg = Debug|Any CPU
		{7639087A-3CDF-5138-BF19-6AB3C056D526}.Debug|Any CPU.Build.0 = Debug|Any CPU
		{7639087A-3CDF-5138-BF19-6AB3C056D526}.Release|Any CPU.ActiveCfg = Release|Any CPU
		{7639087A-3CDF-5138-BF19-6AB3C056D526}.Release|Any CPU.Build.0 = Release|Any CPU
		{F02B3FAD-2ACD-54E6-BF73-97FEEE919324}.Debug|Any CPU.ActiveCfg = Debug|Any CPU
		{F02B3FAD-2ACD-54E6-BF73-97FEEE919324}.Debug|Any CPU.Build.0 = Debug|Any CPU
		{F02B3FAD-2ACD-54E6-BF73-97FEEE919324}.Release|Any CPU.ActiveCfg = Release|Any CPU
		{F02B3FAD-2ACD-54E6-BF73-97FEEE919324}.Release|Any CPU.Build.0 = Release|Any CPU
	EndGlobalSection
	GlobalSection(SolutionProperties) = preSolution
		HideSolutionNode = FALSE
	EndGlobalSection
EndGlobal
